
Microsoft Visual Studio Solution File, Format Version 12.00
# Visual Studio Version 17
VisualStudioVersion = 17.13.35931.197 d17.13
MinimumVisualStudioVersion = 10.0.40219.1
Project("{888888A0-9F3D-457C-B088-3A5042F75D52}") = "P2", "P2\P2.pyproj", "{47CAFFBE-2346-416E-BF0D-7ED075405248}"
EndProject
Global
	GlobalSection(SolutionConfigurationPlatforms) = preSolution
		Debug|Any CPU = Debug|Any CPU
		Release|Any CPU = Release|Any CPU
	EndGlobalSection
	GlobalSection(ProjectConfigurationPlatforms) = postSolution
		{47CAFFBE-2346-416E-BF0D-7ED075405248}.Debug|Any CPU.ActiveCfg = Debug|Any CPU
		{47CAFFBE-2346-416E-BF0D-7ED075405248}.Release|Any CPU.ActiveCfg = Release|Any CPU
	EndGlobalSection
	GlobalSection(SolutionProperties) = preSolution
		HideSolutionNode = FALSE
	EndGlobalSection
	GlobalSection(ExtensibilityGlobals) = postSolution
		SolutionGuid = {06EFFB44-748C-48F8-BCC3-3AD83FFB6586}
	EndGlobalSection
EndGlobal
